# THIS IS AN AUTOGENERATED FILE. DO NOT EDIT THIS FILE DIRECTLY.
# yarn lockfile v1


"@types/lodash@^4.14.80":
  version "4.14.80"
  resolved "http://registry.npm.taobao.org/@types/lodash/download/@types/lodash-4.14.80.tgz#a6b8b7900e6a7dcbc2e90d9b6dfbe3f6a7f69951"

"@types/ramda@^0.25.0":
  version "0.25.0"
  resolved "http://registry.npm.taobao.org/@types/ramda/download/@types/ramda-0.25.0.tgz#f62d5a9f76b7bb40eb45cf69dac0ac548aca9222"

ansi-styles@^3.1.0:
  version "3.2.0"
  resolved "http://registry.npm.taobao.org/ansi-styles/download/ansi-styles-3.2.0.tgz#c159b8d5be0f9e5a6f346dab94f16ce022161b88"
  dependencies:
    color-convert "^1.9.0"

bluebird@^3.5.1:
  version "3.5.1"
  resolved "http://registry.npm.taobao.org/bluebird/download/bluebird-3.5.1.tgz#d9551f9de98f1fcda1e683d17ee91a0602ee2eb9"

chalk@^2.0.1:
  version "2.3.0"
  resolved "http://registry.npm.taobao.org/chalk/download/chalk-2.3.0.tgz#b5ea48efc9c1793dccc9b4767c93914d3f2d52ba"
  dependencies:
    ansi-styles "^3.1.0"
    escape-string-regexp "^1.0.5"
    supports-color "^4.0.0"

color-convert@^1.9.0:
  version "1.9.0"
  resolved "http://registry.npm.taobao.org/color-convert/download/color-convert-1.9.0.tgz#1accf97dd739b983bf994d56fec8f95853641b7a"
  dependencies:
    color-name "^1.1.1"

color-name@^1.1.1:
  version "1.1.3"
  resolved "http://registry.npm.taobao.org/color-name/download/color-name-1.1.3.tgz#a7d0558bd89c42f795dd42328f740831ca53bc25"

dateformat@^2.0.0:
  version "2.2.0"
  resolved "http://registry.npm.taobao.org/dateformat/download/dateformat-2.2.0.tgz#4065e2013cf9fb916ddfd82efb506ad4c6769062"

escape-string-regexp@^1.0.5:
  version "1.0.5"
  resolved "http://registry.npm.taobao.org/escape-string-regexp/download/escape-string-regexp-1.0.5.tgz#1b61c0562190a8dff6ae3bb2cf0200ca130b86d4"

has-flag@^2.0.0:
  version "2.0.0"
  resolved "http://registry.npm.taobao.org/has-flag/download/has-flag-2.0.0.tgz#e8207af1cc7b30d446cc70b734b5e8be18f88d51"

hoek@5.x.x:
  version "5.0.1"
  resolved "http://registry.npm.taobao.org/hoek/download/hoek-5.0.1.tgz#1fcd75e6cbfe964eac808162a8a82ad3445a8592"

isemail@3.x.x:
  version "3.0.0"
  resolved "http://registry.npm.taobao.org/isemail/download/isemail-3.0.0.tgz#c89a46bb7a3361e1759f8028f9082488ecce3dff"
  dependencies:
    punycode "2.x.x"

joi@^13.0.1:
  version "13.0.1"
  resolved "http://registry.npm.taobao.org/joi/download/joi-13.0.1.tgz#97df285450e3ff5bc4db9eccf40a1cd5cf3ec189"
  dependencies:
    hoek "5.x.x"
    isemail "3.x.x"
    topo "3.x.x"

lodash@^4.17.4:
  version "4.17.4"
  resolved "http://registry.npm.taobao.org/lodash/download/lodash-4.17.4.tgz#78203a4d1c328ae1d86dca6460e369b57f4055ae"

nirvana-logger@^2.0.5:
  version "2.0.5"
  resolved "https://registry.yarnpkg.com/nirvana-logger/-/nirvana-logger-2.0.5.tgz#4266aabad68e9b4cdde0ffbbd3bfc4ca3d4c4182"
  dependencies:
    chalk "^2.0.1"
    dateformat "^2.0.0"
    lodash "^4.17.4"
    ramda "^0.25.0"

punycode@2.x.x:
  version "2.1.0"
  resolved "http://registry.npm.taobao.org/punycode/download/punycode-2.1.0.tgz#5f863edc89b96db09074bad7947bf09056ca4e7d"

ramda@^0.25.0:
  version "0.25.0"
  resolved "http://registry.npm.taobao.org/ramda/download/ramda-0.25.0.tgz#8fdf68231cffa90bc2f9460390a0cb74a29b29a9"

supports-color@^4.0.0:
  version "4.5.0"
  resolved "http://registry.npm.taobao.org/supports-color/download/supports-color-4.5.0.tgz#be7a0de484dec5c5cddf8b3d59125044912f635b"
  dependencies:
    has-flag "^2.0.0"

topo@3.x.x:
  version "3.0.0"
  resolved "http://registry.npm.taobao.org/topo/download/topo-3.0.0.tgz#37e48c330efeac784538e0acd3e62ca5e231fe7a"
  dependencies:
    hoek "5.x.x"
